
Microsoft Visual Studio Solution File, Format Version 12.00
# Visual Studio Version 16
VisualStudioVersion = 16.0.808.4
MinimumVisualStudioVersion = 10.0.40219.1
Project("{FAE04EC0-301F-11D3-BF4B-00C04F79EFBC}") = "InputOutputMath", "InputOutputMath.csproj", "{209F7B12-0A35-47E5-B566-FECB0FA1E570}"
EndProject
Global
	GlobalSection(SolutionConfigurationPlatforms) = preSolution
		Debug|Any CPU = Debug|Any CPU
		Release|Any CPU = Release|Any CPU
	EndGlobalSection
	GlobalSection(ProjectConfigurationPlatforms) = postSolution
		{209F7B12-0A35-47E5-B566-FECB0FA1E570}.Debug|Any CPU.ActiveCfg = Debug|Any CPU
		{209F7B12-0A35-47E5-B566-FECB0FA1E570}.Debug|Any CPU.Build.0 = Debug|Any CPU
		{209F7B12-0A35-47E5-B566-FECB0FA1E570}.Release|Any CPU.ActiveCfg = Release|Any CPU
		{209F7B12-0A35-47E5-B566-FECB0FA1E570}.Release|Any CPU.Build.0 = Release|Any CPU
	EndGlobalSection
	GlobalSection(SolutionProperties) = preSolution
		HideSolutionNode = FALSE
	EndGlobalSection
	GlobalSection(ExtensibilityGlobals) = postSolution
		SolutionGuid = {1C7CC7CC-947C-409B-BEC9-D3A93A2DABF1}
	EndGlobalSection
EndGlobal
