
Microsoft Visual Studio Solution File, Format Version 12.00
# Visual Studio Version 16
VisualStudioVersion = 16.0.808.6
MinimumVisualStudioVersion = 10.0.40219.1
Project("{FAE04EC0-301F-11D3-BF4B-00C04F79EFBC}") = "demoJan8-2021", "demoJan8-2021.csproj", "{7F6DCEC7-2FCE-48E0-87D2-6BDAFF158EE5}"
EndProject
Global
	GlobalSection(SolutionConfigurationPlatforms) = preSolution
		Debug|Any CPU = Debug|Any CPU
		Release|Any CPU = Release|Any CPU
	EndGlobalSection
	GlobalSection(ProjectConfigurationPlatforms) = postSolution
		{7F6DCEC7-2FCE-48E0-87D2-6BDAFF158EE5}.Debug|Any CPU.ActiveCfg = Debug|Any CPU
		{7F6DCEC7-2FCE-48E0-87D2-6BDAFF158EE5}.Debug|Any CPU.Build.0 = Debug|Any CPU
		{7F6DCEC7-2FCE-48E0-87D2-6BDAFF158EE5}.Release|Any CPU.ActiveCfg = Release|Any CPU
		{7F6DCEC7-2FCE-48E0-87D2-6BDAFF158EE5}.Release|Any CPU.Build.0 = Release|Any CPU
	EndGlobalSection
	GlobalSection(SolutionProperties) = preSolution
		HideSolutionNode = FALSE
	EndGlobalSection
	GlobalSection(ExtensibilityGlobals) = postSolution
		SolutionGuid = {A1399468-F39E-419C-A7D9-9B3858BD0F0E}
	EndGlobalSection
EndGlobal
